
Microsoft Visual Studio Solution File, Format Version 12.00
# Visual Studio 15
VisualStudioVersion = 15.0.28307.572
MinimumVisualStudioVersion = 10.0.40219.1
Project("{8BC9CEB8-8B4A-11D0-8D11-00A0C91BC942}") = "光流", "光流\光流.vcxproj", "{25222AC0-B511-440B-8331-56B99A9758C7}"
EndProject
Project("{8BC9CEB8-8B4A-11D0-8D11-00A0C91BC942}") = "点追踪", "..\点追踪\点追踪.vcxproj", "{86717E3C-D3EF-4CF2-9E58-5297B4A02DF6}"
EndProject
Project("{8BC9CEB8-8B4A-11D0-8D11-00A0C91BC942}") = "人脸识别", "..\人脸识别\人脸识别.vcxproj", "{81516E45-2308-47A9-B673-9AB91629DB83}"
EndProject
Project("{8BC9CEB8-8B4A-11D0-8D11-00A0C91BC942}") = "向量机引导", "..\向量机引导\向量机引导.vcxproj", "{24B38B5F-30E3-4864-A942-EC2F72C083B2}"
EndProject
Global
	GlobalSection(SolutionConfigurationPlatforms) = preSolution
		Debug|x64 = Debug|x64
		Debug|x86 = Debug|x86
		Release|x64 = Release|x64
		Release|x86 = Release|x86
	EndGlobalSection
	GlobalSection(ProjectConfigurationPlatforms) = postSolution
		{25222AC0-B511-440B-8331-56B99A9758C7}.Debug|x64.ActiveCfg = Debug|x64
		{25222AC0-B511-440B-8331-56B99A9758C7}.Debug|x64.Build.0 = Debug|x64
		{25222AC0-B511-440B-8331-56B99A9758C7}.Debug|x86.ActiveCfg = Debug|Win32
		{25222AC0-B511-440B-8331-56B99A9758C7}.Debug|x86.Build.0 = Debug|Win32
		{25222AC0-B511-440B-8331-56B99A9758C7}.Release|x64.ActiveCfg = Release|x64
		{25222AC0-B511-440B-8331-56B99A9758C7}.Release|x64.Build.0 = Release|x64
		{25222AC0-B511-440B-8331-56B99A9758C7}.Release|x86.ActiveCfg = Release|Win32
		{25222AC0-B511-440B-8331-56B99A9758C7}.Release|x86.Build.0 = Release|Win32
		{86717E3C-D3EF-4CF2-9E58-5297B4A02DF6}.Debug|x64.ActiveCfg = Debug|x64
		{86717E3C-D3EF-4CF2-9E58-5297B4A02DF6}.Debug|x64.Build.0 = Debug|x64
		{86717E3C-D3EF-4CF2-9E58-5297B4A02DF6}.Debug|x86.ActiveCfg = Debug|Win32
		{86717E3C-D3EF-4CF2-9E58-5297B4A02DF6}.Debug|x86.Build.0 = Debug|Win32
		{86717E3C-D3EF-4CF2-9E58-5297B4A02DF6}.Release|x64.ActiveCfg = Release|x64
		{86717E3C-D3EF-4CF2-9E58-5297B4A02DF6}.Release|x64.Build.0 = Release|x64
		{86717E3C-D3EF-4CF2-9E58-5297B4A02DF6}.Release|x86.ActiveCfg = Release|Win32
		{86717E3C-D3EF-4CF2-9E58-5297B4A02DF6}.Release|x86.Build.0 = Release|Win32
		{81516E45-2308-47A9-B673-9AB91629DB83}.Debug|x64.ActiveCfg = Debug|x64
		{81516E45-2308-47A9-B673-9AB91629DB83}.Debug|x64.Build.0 = Debug|x64
		{81516E45-2308-47A9-B673-9AB91629DB83}.Debug|x86.ActiveCfg = Debug|Win32
		{81516E45-2308-47A9-B673-9AB91629DB83}.Debug|x86.Build.0 = Debug|Win32
		{81516E45-2308-47A9-B673-9AB91629DB83}.Release|x64.ActiveCfg = Release|x64
		{81516E45-2308-47A9-B673-9AB91629DB83}.Release|x64.Build.0 = Release|x64
		{81516E45-2308-47A9-B673-9AB91629DB83}.Release|x86.ActiveCfg = Release|Win32
		{81516E45-2308-47A9-B673-9AB91629DB83}.Release|x86.Build.0 = Release|Win32
		{24B38B5F-30E3-4864-A942-EC2F72C083B2}.Debug|x64.ActiveCfg = Debug|x64
		{24B38B5F-30E3-4864-A942-EC2F72C083B2}.Debug|x64.Build.0 = Debug|x64
		{24B38B5F-30E3-4864-A942-EC2F72C083B2}.Debug|x86.ActiveCfg = Debug|Win32
		{24B38B5F-30E3-4864-A942-EC2F72C083B2}.Debug|x86.Build.0 = Debug|Win32
		{24B38B5F-30E3-4864-A942-EC2F72C083B2}.Release|x64.ActiveCfg = Release|x64
		{24B38B5F-30E3-4864-A942-EC2F72C083B2}.Release|x64.Build.0 = Release|x64
		{24B38B5F-30E3-4864-A942-EC2F72C083B2}.Release|x86.ActiveCfg = Release|Win32
		{24B38B5F-30E3-4864-A942-EC2F72C083B2}.Release|x86.Build.0 = Release|Win32
	EndGlobalSection
	GlobalSection(SolutionProperties) = preSolution
		HideSolutionNode = FALSE
	EndGlobalSection
	GlobalSection(ExtensibilityGlobals) = postSolution
		SolutionGuid = {EA1232DC-D273-4D69-9668-117379DBD825}
	EndGlobalSection
EndGlobal
