
Microsoft Visual Studio Solution File, Format Version 12.00
# Visual Studio 15
VisualStudioVersion = 15.0.28307.572
MinimumVisualStudioVersion = 10.0.40219.1
Project("{8BC9CEB8-8B4A-11D0-8D11-00A0C91BC942}") = "图像腐蚀", "图像腐蚀\图像腐蚀.vcxproj", "{3D555C6B-70B3-4913-BD26-75BEF5442DC9}"
EndProject
Global
	GlobalSection(SolutionConfigurationPlatforms) = preSolution
		Debug|x64 = Debug|x64
		Debug|x86 = Debug|x86
		Release|x64 = Release|x64
		Release|x86 = Release|x86
	EndGlobalSection
	GlobalSection(ProjectConfigurationPlatforms) = postSolution
		{3D555C6B-70B3-4913-BD26-75BEF5442DC9}.Debug|x64.ActiveCfg = Debug|x64
		{3D555C6B-70B3-4913-BD26-75BEF5442DC9}.Debug|x64.Build.0 = Debug|x64
		{3D555C6B-70B3-4913-BD26-75BEF5442DC9}.Debug|x86.ActiveCfg = Debug|Win32
		{3D555C6B-70B3-4913-BD26-75BEF5442DC9}.Debug|x86.Build.0 = Debug|Win32
		{3D555C6B-70B3-4913-BD26-75BEF5442DC9}.Release|x64.ActiveCfg = Release|x64
		{3D555C6B-70B3-4913-BD26-75BEF5442DC9}.Release|x64.Build.0 = Release|x64
		{3D555C6B-70B3-4913-BD26-75BEF5442DC9}.Release|x86.ActiveCfg = Release|Win32
		{3D555C6B-70B3-4913-BD26-75BEF5442DC9}.Release|x86.Build.0 = Release|Win32
	EndGlobalSection
	GlobalSection(SolutionProperties) = preSolution
		HideSolutionNode = FALSE
	EndGlobalSection
	GlobalSection(ExtensibilityGlobals) = postSolution
		SolutionGuid = {907FC9D8-90F0-40B4-92F7-67C7B532D35F}
	EndGlobalSection
EndGlobal
